<?xml version="1.0" encoding="utf-8"?>
<Project ToolsVersion="4.0" xmlns="http://schemas.microsoft.com/developer/msbuild/2003">
  <ItemGroup>
    <Filter Include="Axolotl">
      <UniqueIdentifier>{48D649AF-B4B5-C84A-BDCD-5321292C2FAC}</UniqueIdentifier>
    </Filter>
    <Filter Include="Axolotl\Events">
      <UniqueIdentifier>{2CA116C9-186F-0ACF-0103-7BF5ED6FE633}</UniqueIdentifier>
    </Filter>
  </ItemGroup>
  <ItemGroup>
    <ClInclude Include="src\Axolotl.h" />
    <ClInclude Include="src\Axolotl\Application.h">
      <Filter>Axolotl</Filter>
    </ClInclude>
    <ClInclude Include="src\Axolotl\Core.h">
      <Filter>Axolotl</Filter>
    </ClInclude>
    <ClInclude Include="src\Axolotl\EntryPoint.h">
      <Filter>Axolotl</Filter>
    </ClInclude>
    <ClInclude Include="src\Axolotl\Events\ApplicationEvent.h">
      <Filter>Axolotl\Events</Filter>
    </ClInclude>
    <ClInclude Include="src\Axolotl\Events\Event.h">
      <Filter>Axolotl\Events</Filter>
    </ClInclude>
    <ClInclude Include="src\Axolotl\Events\KeyEvent.h">
      <Filter>Axolotl\Events</Filter>
    </ClInclude>
    <ClInclude Include="src\Axolotl\Events\MouseEvent.h">
      <Filter>Axolotl\Events</Filter>
    </ClInclude>
    <ClInclude Include="src\Axolotl\Log.h">
      <Filter>Axolotl</Filter>
    </ClInclude>
    <ClInclude Include="src\axpch.h" />
  </ItemGroup>
  <ItemGroup>
    <ClCompile Include="src\Axolotl\Application.cpp">
      <Filter>Axolotl</Filter>
    </ClCompile>
    <ClCompile Include="src\Axolotl\Log.cpp">
      <Filter>Axolotl</Filter>
    </ClCompile>
    <ClCompile Include="src\axpch.cpp" />
  </ItemGroup>
</Project>